
Microsoft Visual Studio Solution File, Format Version 12.00
# Visual Studio 15
VisualStudioVersion = 15.0.26228.12
MinimumVisualStudioVersion = 10.0.40219.1
Project("{FAE04EC0-301F-11D3-BF4B-00C04F79EFBC}") = "LuyenTap1", "LuyenTap1\LuyenTap1.csproj", "{2C2B5C87-BCAA-4945-821B-A2D6CE289C0D}"
EndProject
Project("{FAE04EC0-301F-11D3-BF4B-00C04F79EFBC}") = "LuyenTap2", "LuyenTap2\LuyenTap2.csproj", "{7670062D-80CD-4579-86C0-D8878B9F778B}"
EndProject
Project("{FAE04EC0-301F-11D3-BF4B-00C04F79EFBC}") = "LuyenTap3", "LuyenTap3\LuyenTap3.csproj", "{4474DD37-72BF-401F-94AA-2550308BFC8E}"
EndProject
Global
	GlobalSection(SolutionConfigurationPlatforms) = preSolution
		Debug|Any CPU = Debug|Any CPU
		Release|Any CPU = Release|Any CPU
	EndGlobalSection
	GlobalSection(ProjectConfigurationPlatforms) = postSolution
		{2C2B5C87-BCAA-4945-821B-A2D6CE289C0D}.Debug|Any CPU.ActiveCfg = Debug|Any CPU
		{2C2B5C87-BCAA-4945-821B-A2D6CE289C0D}.Debug|Any CPU.Build.0 = Debug|Any CPU
		{2C2B5C87-BCAA-4945-821B-A2D6CE289C0D}.Release|Any CPU.ActiveCfg = Release|Any CPU
		{2C2B5C87-BCAA-4945-821B-A2D6CE289C0D}.Release|Any CPU.Build.0 = Release|Any CPU
		{7670062D-80CD-4579-86C0-D8878B9F778B}.Debug|Any CPU.ActiveCfg = Debug|Any CPU
		{7670062D-80CD-4579-86C0-D8878B9F778B}.Debug|Any CPU.Build.0 = Debug|Any CPU
		{7670062D-80CD-4579-86C0-D8878B9F778B}.Release|Any CPU.ActiveCfg = Release|Any CPU
		{7670062D-80CD-4579-86C0-D8878B9F778B}.Release|Any CPU.Build.0 = Release|Any CPU
		{4474DD37-72BF-401F-94AA-2550308BFC8E}.Debug|Any CPU.ActiveCfg = Debug|Any CPU
		{4474DD37-72BF-401F-94AA-2550308BFC8E}.Debug|Any CPU.Build.0 = Debug|Any CPU
		{4474DD37-72BF-401F-94AA-2550308BFC8E}.Release|Any CPU.ActiveCfg = Release|Any CPU
		{4474DD37-72BF-401F-94AA-2550308BFC8E}.Release|Any CPU.Build.0 = Release|Any CPU
	EndGlobalSection
	GlobalSection(SolutionProperties) = preSolution
		HideSolutionNode = FALSE
	EndGlobalSection
EndGlobal
