
Microsoft Visual Studio Solution File, Format Version 12.00
# Visual Studio 15
VisualStudioVersion = 15.0.26228.12
MinimumVisualStudioVersion = 10.0.40219.1
Project("{FAE04EC0-301F-11D3-BF4B-00C04F79EFBC}") = "LuyenTap1", "LuyenTap1\LuyenTap1.csproj", "{2C2B5C87-BCAA-4945-821B-A2D6CE289C0D}"
EndProject
Project("{FAE04EC0-301F-11D3-BF4B-00C04F79EFBC}") = "LuyenTap2", "LuyenTap2\LuyenTap2.csproj", "{7670062D-80CD-4579-86C0-D8878B9F778B}"
EndProject
Project("{FAE04EC0-301F-11D3-BF4B-00C04F79EFBC}") = "LuyenTap3", "LuyenTap3\LuyenTap3.csproj", "{4474DD37-72BF-401F-94AA-2550308BFC8E}"
EndProject
Project("{FAE04EC0-301F-11D3-BF4B-00C04F79EFBC}") = "LuyenTap4", "LuyenTap4\LuyenTap4.csproj", "{B63A6602-7AD4-4678-ABD1-EEBE61BE9692}"
EndProject
Project("{FAE04EC0-301F-11D3-BF4B-00C04F79EFBC}") = "LuyenTap5", "LuyenTap5\LuyenTap5.csproj", "{6664B081-8084-488F-9D28-4CA890C91A13}"
EndProject
Project("{FAE04EC0-301F-11D3-BF4B-00C04F79EFBC}") = "LuyenTap6", "LuyenTap6\LuyenTap6.csproj", "{DB4C3EF4-A3DF-41B6-8114-0B4DE909C26E}"
EndProject
Project("{FAE04EC0-301F-11D3-BF4B-00C04F79EFBC}") = "LuyenTap7", "LuyenTap7\LuyenTap7.csproj", "{CB98CCD6-AA0D-44FD-9D46-8F82AEA37ABE}"
EndProject
Project("{FAE04EC0-301F-11D3-BF4B-00C04F79EFBC}") = "LuyenTap8", "LuyenTap8\LuyenTap8.csproj", "{A867C06C-C392-467B-AB5E-A306DD740FDA}"
EndProject
Project("{FAE04EC0-301F-11D3-BF4B-00C04F79EFBC}") = "LuyenTap9", "LuyenTap9\LuyenTap9.csproj", "{57E0A12D-19B2-4B19-98D1-53582F935D06}"
EndProject
Project("{FAE04EC0-301F-11D3-BF4B-00C04F79EFBC}") = "LuyenTap10", "LuyenTap10\LuyenTap10.csproj", "{2123F29C-3145-4251-AC32-49CCDC085AE1}"
EndProject
Global
	GlobalSection(SolutionConfigurationPlatforms) = preSolution
		Debug|Any CPU = Debug|Any CPU
		Release|Any CPU = Release|Any CPU
	EndGlobalSection
	GlobalSection(ProjectConfigurationPlatforms) = postSolution
		{2C2B5C87-BCAA-4945-821B-A2D6CE289C0D}.Debug|Any CPU.ActiveCfg = Debug|Any CPU
		{2C2B5C87-BCAA-4945-821B-A2D6CE289C0D}.Debug|Any CPU.Build.0 = Debug|Any CPU
		{2C2B5C87-BCAA-4945-821B-A2D6CE289C0D}.Release|Any CPU.ActiveCfg = Release|Any CPU
		{2C2B5C87-BCAA-4945-821B-A2D6CE289C0D}.Release|Any CPU.Build.0 = Release|Any CPU
		{7670062D-80CD-4579-86C0-D8878B9F778B}.Debug|Any CPU.ActiveCfg = Debug|Any CPU
		{7670062D-80CD-4579-86C0-D8878B9F778B}.Debug|Any CPU.Build.0 = Debug|Any CPU
		{7670062D-80CD-4579-86C0-D8878B9F778B}.Release|Any CPU.ActiveCfg = Release|Any CPU
		{7670062D-80CD-4579-86C0-D8878B9F778B}.Release|Any CPU.Build.0 = Release|Any CPU
		{4474DD37-72BF-401F-94AA-2550308BFC8E}.Debug|Any CPU.ActiveCfg = Debug|Any CPU
		{4474DD37-72BF-401F-94AA-2550308BFC8E}.Debug|Any CPU.Build.0 = Debug|Any CPU
		{4474DD37-72BF-401F-94AA-2550308BFC8E}.Release|Any CPU.ActiveCfg = Release|Any CPU
		{4474DD37-72BF-401F-94AA-2550308BFC8E}.Release|Any CPU.Build.0 = Release|Any CPU
		{B63A6602-7AD4-4678-ABD1-EEBE61BE9692}.Debug|Any CPU.ActiveCfg = Debug|Any CPU
		{B63A6602-7AD4-4678-ABD1-EEBE61BE9692}.Debug|Any CPU.Build.0 = Debug|Any CPU
		{B63A6602-7AD4-4678-ABD1-EEBE61BE9692}.Release|Any CPU.ActiveCfg = Release|Any CPU
		{B63A6602-7AD4-4678-ABD1-EEBE61BE9692}.Release|Any CPU.Build.0 = Release|Any CPU
		{6664B081-8084-488F-9D28-4CA890C91A13}.Debug|Any CPU.ActiveCfg = Debug|Any CPU
		{6664B081-8084-488F-9D28-4CA890C91A13}.Debug|Any CPU.Build.0 = Debug|Any CPU
		{6664B081-8084-488F-9D28-4CA890C91A13}.Release|Any CPU.ActiveCfg = Release|Any CPU
		{6664B081-8084-488F-9D28-4CA890C91A13}.Release|Any CPU.Build.0 = Release|Any CPU
		{DB4C3EF4-A3DF-41B6-8114-0B4DE909C26E}.Debug|Any CPU.ActiveCfg = Debug|Any CPU
		{DB4C3EF4-A3DF-41B6-8114-0B4DE909C26E}.Debug|Any CPU.Build.0 = Debug|Any CPU
		{DB4C3EF4-A3DF-41B6-8114-0B4DE909C26E}.Release|Any CPU.ActiveCfg = Release|Any CPU
		{DB4C3EF4-A3DF-41B6-8114-0B4DE909C26E}.Release|Any CPU.Build.0 = Release|Any CPU
		{CB98CCD6-AA0D-44FD-9D46-8F82AEA37ABE}.Debug|Any CPU.ActiveCfg = Debug|Any CPU
		{CB98CCD6-AA0D-44FD-9D46-8F82AEA37ABE}.Debug|Any CPU.Build.0 = Debug|Any CPU
		{CB98CCD6-AA0D-44FD-9D46-8F82AEA37ABE}.Release|Any CPU.ActiveCfg = Release|Any CPU
		{CB98CCD6-AA0D-44FD-9D46-8F82AEA37ABE}.Release|Any CPU.Build.0 = Release|Any CPU
		{A867C06C-C392-467B-AB5E-A306DD740FDA}.Debug|Any CPU.ActiveCfg = Debug|Any CPU
		{A867C06C-C392-467B-AB5E-A306DD740FDA}.Debug|Any CPU.Build.0 = Debug|Any CPU
		{A867C06C-C392-467B-AB5E-A306DD740FDA}.Release|Any CPU.ActiveCfg = Release|Any CPU
		{A867C06C-C392-467B-AB5E-A306DD740FDA}.Release|Any CPU.Build.0 = Release|Any CPU
		{57E0A12D-19B2-4B19-98D1-53582F935D06}.Debug|Any CPU.ActiveCfg = Debug|Any CPU
		{57E0A12D-19B2-4B19-98D1-53582F935D06}.Debug|Any CPU.Build.0 = Debug|Any CPU
		{57E0A12D-19B2-4B19-98D1-53582F935D06}.Release|Any CPU.ActiveCfg = Release|Any CPU
		{57E0A12D-19B2-4B19-98D1-53582F935D06}.Release|Any CPU.Build.0 = Release|Any CPU
		{2123F29C-3145-4251-AC32-49CCDC085AE1}.Debug|Any CPU.ActiveCfg = Debug|Any CPU
		{2123F29C-3145-4251-AC32-49CCDC085AE1}.Debug|Any CPU.Build.0 = Debug|Any CPU
		{2123F29C-3145-4251-AC32-49CCDC085AE1}.Release|Any CPU.ActiveCfg = Release|Any CPU
		{2123F29C-3145-4251-AC32-49CCDC085AE1}.Release|Any CPU.Build.0 = Release|Any CPU
	EndGlobalSection
	GlobalSection(SolutionProperties) = preSolution
		HideSolutionNode = FALSE
	EndGlobalSection
EndGlobal
